// !$*UTF8*$!
{
	archiveVersion = 1;
	classes = {
	};
	objectVersion = 46;
	objects = {

/* Begin PBXBuildFile section */
		D211FCA21FD7D7E100E6EFB6 /* CAKeyframeAnimationVC.m in Sources */ = {isa = PBXBuildFile; fileRef = D211FCA11FD7D7E100E6EFB6 /* CAKeyframeAnimationVC.m */; };
		D211FCA51FD7D92300E6EFB6 /* CAAnimationGroupVC.m in Sources */ = {isa = PBXBuildFile; fileRef = D211FCA41FD7D92300E6EFB6 /* CAAnimationGroupVC.m */; };
		D211FCA81FD7E0CC00E6EFB6 /* CATransitionVC.m in Sources */ = {isa = PBXBuildFile; fileRef = D211FCA71FD7E0CC00E6EFB6 /* CATransitionVC.m */; };
		D211FCAC1FD7E47C00E6EFB6 /* 1.png in Resources */ = {isa = PBXBuildFile; fileRef = D211FCA91FD7E47C00E6EFB6 /* 1.png */; };
		D211FCAD1FD7E47C00E6EFB6 /* 2.png in Resources */ = {isa = PBXBuildFile; fileRef = D211FCAA1FD7E47C00E6EFB6 /* 2.png */; };
		D211FCAE1FD7E47C00E6EFB6 /* 0.png in Resources */ = {isa = PBXBuildFile; fileRef = D211FCAB1FD7E47C00E6EFB6 /* 0.png */; };
		D211FCB11FD7ECA900E6EFB6 /* FPSVC.m in Sources */ = {isa = PBXBuildFile; fileRef = D211FCB01FD7ECA900E6EFB6 /* FPSVC.m */; };
		D2D34C271FD69EB9009727BE /* main.m in Sources */ = {isa = PBXBuildFile; fileRef = D2D34C261FD69EB9009727BE /* main.m */; };
		D2D34C2A1FD69EB9009727BE /* AppDelegate.m in Sources */ = {isa = PBXBuildFile; fileRef = D2D34C291FD69EB9009727BE /* AppDelegate.m */; };
		D2D34C2D1FD69EB9009727BE /* CABasicAnimationVC.m in Sources */ = {isa = PBXBuildFile; fileRef = D2D34C2C1FD69EB9009727BE /* CABasicAnimationVC.m */; };
		D2D34C301FD69EB9009727BE /* Main.storyboard in Resources */ = {isa = PBXBuildFile; fileRef = D2D34C2E1FD69EB9009727BE /* Main.storyboard */; };
		D2D34C321FD69EB9009727BE /* Assets.xcassets in Resources */ = {isa = PBXBuildFile; fileRef = D2D34C311FD69EB9009727BE /* Assets.xcassets */; };
		D2D34C351FD69EB9009727BE /* LaunchScreen.storyboard in Resources */ = {isa = PBXBuildFile; fileRef = D2D34C331FD69EB9009727BE /* LaunchScreen.storyboard */; };
		D2D34C401FD69EB9009727BE /* CoreAnimationDemoTests.m in Sources */ = {isa = PBXBuildFile; fileRef = D2D34C3F1FD69EB9009727BE /* CoreAnimationDemoTests.m */; };
		D2D34C4B1FD69EB9009727BE /* CoreAnimationDemoUITests.m in Sources */ = {isa = PBXBuildFile; fileRef = D2D34C4A1FD69EB9009727BE /* CoreAnimationDemoUITests.m */; };
/* End PBXBuildFile section */

/* Begin PBXContainerItemProxy section */
		D2D34C3C1FD69EB9009727BE /* PBXContainerItemProxy */ = {
			isa = PBXContainerItemProxy;
			containerPortal = D2D34C1A1FD69EB8009727BE /* Project object */;
			proxyType = 1;
			remoteGlobalIDString = D2D34C211FD69EB8009727BE;
			remoteInfo = CoreAnimationDemo;
		};
		D2D34C471FD69EB9009727BE /* PBXContainerItemProxy */ = {
			isa = PBXContainerItemProxy;
			containerPortal = D2D34C1A1FD69EB8009727BE /* Project object */;
			proxyType = 1;
			remoteGlobalIDString = D2D34C211FD69EB8009727BE;
			remoteInfo = CoreAnimationDemo;
		};
/* End PBXContainerItemProxy section */

/* Begin PBXFileReference section */
		D211FCA01FD7D7E100E6EFB6 /* CAKeyframeAnimationVC.h */ = {isa = PBXFileReference; fileEncoding = 4; lastKnownFileType = sourcecode.c.h; path = CAKeyframeAnimationVC.h; sourceTree = "<group>"; };
		D211FCA11FD7D7E100E6EFB6 /* CAKeyframeAnimationVC.m */ = {isa = PBXFileReference; fileEncoding = 4; lastKnownFileType = sourcecode.c.objc; path = CAKeyframeAnimationVC.m; sourceTree = "<group>"; };
		D211FCA31FD7D92300E6EFB6 /* CAAnimationGroupVC.h */ = {isa = PBXFileReference; fileEncoding = 4; lastKnownFileType = sourcecode.c.h; path = CAAnimationGroupVC.h; sourceTree = "<group>"; };
		D211FCA41FD7D92300E6EFB6 /* CAAnimationGroupVC.m */ = {isa = PBXFileReference; fileEncoding = 4; lastKnownFileType = sourcecode.c.objc; path = CAAnimationGroupVC.m; sourceTree = "<group>"; };
		D211FCA61FD7E0CC00E6EFB6 /* CATransitionVC.h */ = {isa = PBXFileReference; fileEncoding = 4; lastKnownFileType = sourcecode.c.h; path = CATransitionVC.h; sourceTree = "<group>"; };
		D211FCA71FD7E0CC00E6EFB6 /* CATransitionVC.m */ = {isa = PBXFileReference; fileEncoding = 4; lastKnownFileType = sourcecode.c.objc; path = CATransitionVC.m; sourceTree = "<group>"; };
		D211FCA91FD7E47C00E6EFB6 /* 1.png */ = {isa = PBXFileReference; lastKnownFileType = image.png; path = 1.png; sourceTree = "<group>"; };
		D211FCAA1FD7E47C00E6EFB6 /* 2.png */ = {isa = PBXFileReference; lastKnownFileType = image.png; path = 2.png; sourceTree = "<group>"; };
		D211FCAB1FD7E47C00E6EFB6 /* 0.png */ = {isa = PBXFileReference; lastKnownFileType = image.png; path = 0.png; sourceTree = "<group>"; };
		D211FCAF1FD7ECA900E6EFB6 /* FPSVC.h */ = {isa = PBXFileReference; fileEncoding = 4; lastKnownFileType = sourcecode.c.h; path = FPSVC.h; sourceTree = "<group>"; };
		D211FCB01FD7ECA900E6EFB6 /* FPSVC.m */ = {isa = PBXFileReference; fileEncoding = 4; lastKnownFileType = sourcecode.c.objc; path = FPSVC.m; sourceTree = "<group>"; };
		D2D34C221FD69EB9009727BE /* CoreAnimationDemo.app */ = {isa = PBXFileReference; explicitFileType = wrapper.application; includeInIndex = 0; path = CoreAnimationDemo.app; sourceTree = BUILT_PRODUCTS_DIR; };
		D2D34C261FD69EB9009727BE /* main.m */ = {isa = PBXFileReference; lastKnownFileType = sourcecode.c.objc; path = main.m; sourceTree = "<group>"; };
		D2D34C281FD69EB9009727BE /* AppDelegate.h */ = {isa = PBXFileReference; lastKnownFileType = sourcecode.c.h; path = AppDelegate.h; sourceTree = "<group>"; };
		D2D34C291FD69EB9009727BE /* AppDelegate.m */ = {isa = PBXFileReference; lastKnownFileType = sourcecode.c.objc; path = AppDelegate.m; sourceTree = "<group>"; };
		D2D34C2B1FD69EB9009727BE /* CABasicAnimationVC.h */ = {isa = PBXFileReference; lastKnownFileType = sourcecode.c.h; path = CABasicAnimationVC.h; sourceTree = "<group>"; };
		D2D34C2C1FD69EB9009727BE /* CABasicAnimationVC.m */ = {isa = PBXFileReference; lastKnownFileType = sourcecode.c.objc; path = CABasicAnimationVC.m; sourceTree = "<group>"; };
		D2D34C2F1FD69EB9009727BE /* Base */ = {isa = PBXFileReference; lastKnownFileType = file.storyboard; name = Base; path = Base.lproj/Main.storyboard; sourceTree = "<group>"; };
		D2D34C311FD69EB9009727BE /* Assets.xcassets */ = {isa = PBXFileReference; lastKnownFileType = folder.assetcatalog; path = Assets.xcassets; sourceTree = "<group>"; };
		D2D34C341FD69EB9009727BE /* Base */ = {isa = PBXFileReference; lastKnownFileType = file.storyboard; name = Base; path = Base.lproj/LaunchScreen.storyboard; sourceTree = "<group>"; };
		D2D34C361FD69EB9009727BE /* Info.plist */ = {isa = PBXFileReference; lastKnownFileType = text.plist.xml; path = Info.plist; sourceTree = "<group>"; };
		D2D34C3B1FD69EB9009727BE /* CoreAnimationDemoTests.xctest */ = {isa = PBXFileReference; explicitFileType = wrapper.cfbundle; includeInIndex = 0; path = CoreAnimationDemoTests.xctest; sourceTree = BUILT_PRODUCTS_DIR; };
		D2D34C3F1FD69EB9009727BE /* CoreAnimationDemoTests.m */ = {isa = PBXFileReference; lastKnownFileType = sourcecode.c.objc; path = CoreAnimationDemoTests.m; sourceTree = "<group>"; };
		D2D34C411FD69EB9009727BE /* Info.plist */ = {isa = PBXFileReference; lastKnownFileType = text.plist.xml; path = Info.plist; sourceTree = "<group>"; };
		D2D34C461FD69EB9009727BE /* CoreAnimationDemoUITests.xctest */ = {isa = PBXFileReference; explicitFileType = wrapper.cfbundle; includeInIndex = 0; path = CoreAnimationDemoUITests.xctest; sourceTree = BUILT_PRODUCTS_DIR; };
		D2D34C4A1FD69EB9009727BE /* CoreAnimationDemoUITests.m */ = {isa = PBXFileReference; lastKnownFileType = sourcecode.c.objc; path = CoreAnimationDemoUITests.m; sourceTree = "<group>"; };
		D2D34C4C1FD69EB9009727BE /* Info.plist */ = {isa = PBXFileReference; lastKnownFileType = text.plist.xml; path = Info.plist; sourceTree = "<group>"; };
/* End PBXFileReference section */

/* Begin PBXFrameworksBuildPhase section */
		D2D34C1F1FD69EB8009727BE /* Frameworks */ = {
			isa = PBXFrameworksBuildPhase;
			buildActionMask = 2147483647;
			files = (
			);
			runOnlyForDeploymentPostprocessing = 0;
		};
		D2D34C381FD69EB9009727BE /* Frameworks */ = {
			isa = PBXFrameworksBuildPhase;
			buildActionMask = 2147483647;
			files = (
			);
			runOnlyForDeploymentPostprocessing = 0;
		};
		D2D34C431FD69EB9009727BE /* Frameworks */ = {
			isa = PBXFrameworksBuildPhase;
			buildActionMask = 2147483647;
			files = (
			);
			runOnlyForDeploymentPostprocessing = 0;
		};
/* End PBXFrameworksBuildPhase section */

/* Begin PBXGroup section */
		D2D34C191FD69EB8009727BE = {
			isa = PBXGroup;
			children = (
				D2D34C241FD69EB9009727BE /* CoreAnimationDemo */,
				D2D34C3E1FD69EB9009727BE /* CoreAnimationDemoTests */,
				D2D34C491FD69EB9009727BE /* CoreAnimationDemoUITests */,
				D2D34C231FD69EB9009727BE /* Products */,
			);
			sourceTree = "<group>";
		};
		D2D34C231FD69EB9009727BE /* Products */ = {
			isa = PBXGroup;
			children = (
				D2D34C221FD69EB9009727BE /* CoreAnimationDemo.app */,
				D2D34C3B1FD69EB9009727BE /* CoreAnimationDemoTests.xctest */,
				D2D34C461FD69EB9009727BE /* CoreAnimationDemoUITests.xctest */,
			);
			name = Products;
			sourceTree = "<group>";
		};
		D2D34C241FD69EB9009727BE /* CoreAnimationDemo */ = {
			isa = PBXGroup;
			children = (
				D2D34C2E1FD69EB9009727BE /* Main.storyboard */,
				D2D34C2B1FD69EB9009727BE /* CABasicAnimationVC.h */,
				D2D34C2C1FD69EB9009727BE /* CABasicAnimationVC.m */,
				D211FCA01FD7D7E100E6EFB6 /* CAKeyframeAnimationVC.h */,
				D211FCA11FD7D7E100E6EFB6 /* CAKeyframeAnimationVC.m */,
				D211FCA31FD7D92300E6EFB6 /* CAAnimationGroupVC.h */,
				D211FCA41FD7D92300E6EFB6 /* CAAnimationGroupVC.m */,
				D211FCA61FD7E0CC00E6EFB6 /* CATransitionVC.h */,
				D211FCA71FD7E0CC00E6EFB6 /* CATransitionVC.m */,
				D211FCAF1FD7ECA900E6EFB6 /* FPSVC.h */,
				D211FCB01FD7ECA900E6EFB6 /* FPSVC.m */,
				D211FCA91FD7E47C00E6EFB6 /* 1.png */,
				D211FCAA1FD7E47C00E6EFB6 /* 2.png */,
				D211FCAB1FD7E47C00E6EFB6 /* 0.png */,
				D2D34C251FD69EB9009727BE /* Supporting Files */,
			);
			path = CoreAnimationDemo;
			sourceTree = "<group>";
		};
		D2D34C251FD69EB9009727BE /* Supporting Files */ = {
			isa = PBXGroup;
			children = (
				D2D34C281FD69EB9009727BE /* AppDelegate.h */,
				D2D34C291FD69EB9009727BE /* AppDelegate.m */,
				D2D34C311FD69EB9009727BE /* Assets.xcassets */,
				D2D34C331FD69EB9009727BE /* LaunchScreen.storyboard */,
				D2D34C361FD69EB9009727BE /* Info.plist */,
				D2D34C261FD69EB9009727BE /* main.m */,
			);
			name = "Supporting Files";
			sourceTree = "<group>";
		};
		D2D34C3E1FD69EB9009727BE /* CoreAnimationDemoTests */ = {
			isa = PBXGroup;
			children = (
				D2D34C3F1FD69EB9009727BE /* CoreAnimationDemoTests.m */,
				D2D34C411FD69EB9009727BE /* Info.plist */,
			);
			path = CoreAnimationDemoTests;
			sourceTree = "<group>";
		};
		D2D34C491FD69EB9009727BE /* CoreAnimationDemoUITests */ = {
			isa = PBXGroup;
			children = (
				D2D34C4A1FD69EB9009727BE /* CoreAnimationDemoUITests.m */,
				D2D34C4C1FD69EB9009727BE /* Info.plist */,
			);
			path = CoreAnimationDemoUITests;
			sourceTree = "<group>";
		};
/* End PBXGroup section */

/* Begin PBXNativeTarget section */
		D2D34C211FD69EB8009727BE /* CoreAnimationDemo */ = {
			isa = PBXNativeTarget;
			buildConfigurationList = D2D34C4F1FD69EB9009727BE /* Build configuration list for PBXNativeTarget "CoreAnimationDemo" */;
			buildPhases = (
				D2D34C1E1FD69EB8009727BE /* Sources */,
				D2D34C1F1FD69EB8009727BE /* Frameworks */,
				D2D34C201FD69EB8009727BE /* Resources */,
			);
			buildRules = (
			);
			dependencies = (
			);
			name = CoreAnimationDemo;
			productName = CoreAnimationDemo;
			productReference = D2D34C221FD69EB9009727BE /* CoreAnimationDemo.app */;
			productType = "com.apple.product-type.application";
		};
		D2D34C3A1FD69EB9009727BE /* CoreAnimationDemoTests */ = {
			isa = PBXNativeTarget;
			buildConfigurationList = D2D34C521FD69EB9009727BE /* Build configuration list for PBXNativeTarget "CoreAnimationDemoTests" */;
			buildPhases = (
				D2D34C371FD69EB9009727BE /* Sources */,
				D2D34C381FD69EB9009727BE /* Frameworks */,
				D2D34C391FD69EB9009727BE /* Resources */,
			);
			buildRules = (
			);
			dependencies = (
				D2D34C3D1FD69EB9009727BE /* PBXTargetDependency */,
			);
			name = CoreAnimationDemoTests;
			productName = CoreAnimationDemoTests;
			productReference = D2D34C3B1FD69EB9009727BE /* CoreAnimationDemoTests.xctest */;
			productType = "com.apple.product-type.bundle.unit-test";
		};
		D2D34C451FD69EB9009727BE /* CoreAnimationDemoUITests */ = {
			isa = PBXNativeTarget;
			buildConfigurationList = D2D34C551FD69EB9009727BE /* Build configuration list for PBXNativeTarget "CoreAnimationDemoUITests" */;
			buildPhases = (
				D2D34C421FD69EB9009727BE /* Sources */,
				D2D34C431FD69EB9009727BE /* Frameworks */,
				D2D34C441FD69EB9009727BE /* Resources */,
			);
			buildRules = (
			);
			dependencies = (
				D2D34C481FD69EB9009727BE /* PBXTargetDependency */,
			);
			name = CoreAnimationDemoUITests;
			productName = CoreAnimationDemoUITests;
			productReference = D2D34C461FD69EB9009727BE /* CoreAnimationDemoUITests.xctest */;
			productType = "com.apple.product-type.bundle.ui-testing";
		};
/* End PBXNativeTarget section */

/* Begin PBXProject section */
		D2D34C1A1FD69EB8009727BE /* Project object */ = {
			isa = PBXProject;
			attributes = {
				LastUpgradeCheck = 0830;
				ORGANIZATIONNAME = "杜文亮";
				TargetAttributes = {
					D2D34C211FD69EB8009727BE = {
						CreatedOnToolsVersion = 8.3.3;
						ProvisioningStyle = Automatic;
					};
					D2D34C3A1FD69EB9009727BE = {
						CreatedOnToolsVersion = 8.3.3;
						ProvisioningStyle = Automatic;
						TestTargetID = D2D34C211FD69EB8009727BE;
					};
					D2D34C451FD69EB9009727BE = {
						CreatedOnToolsVersion = 8.3.3;
						ProvisioningStyle = Automatic;
						TestTargetID = D2D34C211FD69EB8009727BE;
					};
				};
			};
			buildConfigurationList = D2D34C1D1FD69EB8009727BE /* Build configuration list for PBXProject "CoreAnimationDemo" */;
			compatibilityVersion = "Xcode 3.2";
			developmentRegion = English;
			hasScannedForEncodings = 0;
			knownRegions = (
				en,
				Base,
			);
			mainGroup = D2D34C191FD69EB8009727BE;
			productRefGroup = D2D34C231FD69EB9009727BE /* Products */;
			projectDirPath = "";
			projectRoot = "";
			targets = (
				D2D34C211FD69EB8009727BE /* CoreAnimationDemo */,
				D2D34C3A1FD69EB9009727BE /* CoreAnimationDemoTests */,
				D2D34C451FD69EB9009727BE /* CoreAnimationDemoUITests */,
			);
		};
/* End PBXProject section */

/* Begin PBXResourcesBuildPhase section */
		D2D34C201FD69EB8009727BE /* Resources */ = {
			isa = PBXResourcesBuildPhase;
			buildActionMask = 2147483647;
			files = (
				D211FCAD1FD7E47C00E6EFB6 /* 2.png in Resources */,
				D2D34C351FD69EB9009727BE /* LaunchScreen.storyboard in Resources */,
				D2D34C321FD69EB9009727BE /* Assets.xcassets in Resources */,
				D211FCAE1FD7E47C00E6EFB6 /* 0.png in Resources */,
				D211FCAC1FD7E47C00E6EFB6 /* 1.png in Resources */,
				D2D34C301FD69EB9009727BE /* Main.storyboard in Resources */,
			);
			runOnlyForDeploymentPostprocessing = 0;
		};
		D2D34C391FD69EB9009727BE /* Resources */ = {
			isa = PBXResourcesBuildPhase;
			buildActionMask = 2147483647;
			files = (
			);
			runOnlyForDeploymentPostprocessing = 0;
		};
		D2D34C441FD69EB9009727BE /* Resources */ = {
			isa = PBXResourcesBuildPhase;
			buildActionMask = 2147483647;
			files = (
			);
			runOnlyForDeploymentPostprocessing = 0;
		};
/* End PBXResourcesBuildPhase section */

/* Begin PBXSourcesBuildPhase section */
		D2D34C1E1FD69EB8009727BE /* Sources */ = {
			isa = PBXSourcesBuildPhase;
			buildActionMask = 2147483647;
			files = (
				D2D34C2D1FD69EB9009727BE /* CABasicAnimationVC.m in Sources */,
				D211FCA81FD7E0CC00E6EFB6 /* CATransitionVC.m in Sources */,
				D211FCB11FD7ECA900E6EFB6 /* FPSVC.m in Sources */,
				D211FCA51FD7D92300E6EFB6 /* CAAnimationGroupVC.m in Sources */,
				D2D34C2A1FD69EB9009727BE /* AppDelegate.m in Sources */,
				D2D34C271FD69EB9009727BE /* main.m in Sources */,
				D211FCA21FD7D7E100E6EFB6 /* CAKeyframeAnimationVC.m in Sources */,
			);
			runOnlyForDeploymentPostprocessing = 0;
		};
		D2D34C371FD69EB9009727BE /* Sources */ = {
			isa = PBXSourcesBuildPhase;
			buildActionMask = 2147483647;
			files = (
				D2D34C401FD69EB9009727BE /* CoreAnimationDemoTests.m in Sources */,
			);
			runOnlyForDeploymentPostprocessing = 0;
		};
		D2D34C421FD69EB9009727BE /* Sources */ = {
			isa = PBXSourcesBuildPhase;
			buildActionMask = 2147483647;
			files = (
				D2D34C4B1FD69EB9009727BE /* CoreAnimationDemoUITests.m in Sources */,
			);
			runOnlyForDeploymentPostprocessing = 0;
		};
/* End PBXSourcesBuildPhase section */

/* Begin PBXTargetDependency section */
		D2D34C3D1FD69EB9009727BE /* PBXTargetDependency */ = {
			isa = PBXTargetDependency;
			target = D2D34C211FD69EB8009727BE /* CoreAnimationDemo */;
			targetProxy = D2D34C3C1FD69EB9009727BE /* PBXContainerItemProxy */;
		};
		D2D34C481FD69EB9009727BE /* PBXTargetDependency */ = {
			isa = PBXTargetDependency;
			target = D2D34C211FD69EB8009727BE /* CoreAnimationDemo */;
			targetProxy = D2D34C471FD69EB9009727BE /* PBXContainerItemProxy */;
		};
/* End PBXTargetDependency section */

/* Begin PBXVariantGroup section */
		D2D34C2E1FD69EB9009727BE /* Main.storyboard */ = {
			isa = PBXVariantGroup;
			children = (
				D2D34C2F1FD69EB9009727BE /* Base */,
			);
			name = Main.storyboard;
			sourceTree = "<group>";
		};
		D2D34C331FD69EB9009727BE /* LaunchScreen.storyboard */ = {
			isa = PBXVariantGroup;
			children = (
				D2D34C341FD69EB9009727BE /* Base */,
			);
			name = LaunchScreen.storyboard;
			sourceTree = "<group>";
		};
/* End PBXVariantGroup section */

/* Begin XCBuildConfiguration section */
		D2D34C4D1FD69EB9009727BE /* Debug */ = {
			isa = XCBuildConfiguration;
			buildSettings = {
				ALWAYS_SEARCH_USER_PATHS = NO;
				CLANG_ANALYZER_NONNULL = YES;
				CLANG_ANALYZER_NUMBER_OBJECT_CONVERSION = YES_AGGRESSIVE;
				CLANG_CXX_LANGUAGE_STANDARD = "gnu++0x";
				CLANG_CXX_LIBRARY = "libc++";
				CLANG_ENABLE_MODULES = YES;
				CLANG_ENABLE_OBJC_ARC = YES;
				CLANG_WARN_BOOL_CONVERSION = YES;
				CLANG_WARN_CONSTANT_CONVERSION = YES;
				CLANG_WARN_DIRECT_OBJC_ISA_USAGE = YES_ERROR;
				CLANG_WARN_DOCUMENTATION_COMMENTS = YES;
				CLANG_WARN_EMPTY_BODY = YES;
				CLANG_WARN_ENUM_CONVERSION = YES;
				CLANG_WARN_INFINITE_RECURSION = YES;
				CLANG_WARN_INT_CONVERSION = YES;
				CLANG_WARN_OBJC_ROOT_CLASS = YES_ERROR;
				CLANG_WARN_SUSPICIOUS_MOVE = YES;
				CLANG_WARN_UNREACHABLE_CODE = YES;
				CLANG_WARN__DUPLICATE_METHOD_MATCH = YES;
				"CODE_SIGN_IDENTITY[sdk=iphoneos*]" = "iPhone Developer";
				COPY_PHASE_STRIP = NO;
				DEBUG_INFORMATION_FORMAT = dwarf;
				ENABLE_STRICT_OBJC_MSGSEND = YES;
				ENABLE_TESTABILITY = YES;
				GCC_C_LANGUAGE_STANDARD = gnu99;
				GCC_DYNAMIC_NO_PIC = NO;
				GCC_NO_COMMON_BLOCKS = YES;
				GCC_OPTIMIZATION_LEVEL = 0;
				GCC_PREPROCESSOR_DEFINITIONS = (
					"DEBUG=1",
					"$(inherited)",
				);
				GCC_WARN_64_TO_32_BIT_CONVERSION = YES;
				GCC_WARN_ABOUT_RETURN_TYPE = YES_ERROR;
				GCC_WARN_UNDECLARED_SELECTOR = YES;
				GCC_WARN_UNINITIALIZED_AUTOS = YES_AGGRESSIVE;
				GCC_WARN_UNUSED_FUNCTION = YES;
				GCC_WARN_UNUSED_VARIABLE = YES;
				IPHONEOS_DEPLOYMENT_TARGET = 10.3;
				MTL_ENABLE_DEBUG_INFO = YES;
				ONLY_ACTIVE_ARCH = YES;
				SDKROOT = iphoneos;
			};
			name = Debug;
		};
		D2D34C4E1FD69EB9009727BE /* Release */ = {
			isa = XCBuildConfiguration;
			buildSettings = {
				ALWAYS_SEARCH_USER_PATHS = NO;
				CLANG_ANALYZER_NONNULL = YES;
				CLANG_ANALYZER_NUMBER_OBJECT_CONVERSION = YES_AGGRESSIVE;
				CLANG_CXX_LANGUAGE_STANDARD = "gnu++0x";
				CLANG_CXX_LIBRARY = "libc++";
				CLANG_ENABLE_MODULES = YES;
				CLANG_ENABLE_OBJC_ARC = YES;
				CLANG_WARN_BOOL_CONVERSION = YES;
				CLANG_WARN_CONSTANT_CONVERSION = YES;
				CLANG_WARN_DIRECT_OBJC_ISA_USAGE = YES_ERROR;
				CLANG_WARN_DOCUMENTATION_COMMENTS = YES;
				CLANG_WARN_EMPTY_BODY = YES;
				CLANG_WARN_ENUM_CONVERSION = YES;
				CLANG_WARN_INFINITE_RECURSION = YES;
				CLANG_WARN_INT_CONVERSION = YES;
				CLANG_WARN_OBJC_ROOT_CLASS = YES_ERROR;
				CLANG_WARN_SUSPICIOUS_MOVE = YES;
				CLANG_WARN_UNREACHABLE_CODE = YES;
				CLANG_WARN__DUPLICATE_METHOD_MATCH = YES;
				"CODE_SIGN_IDENTITY[sdk=iphoneos*]" = "iPhone Developer";
				COPY_PHASE_STRIP = NO;
				DEBUG_INFORMATION_FORMAT = "dwarf-with-dsym";
				ENABLE_NS_ASSERTIONS = NO;
				ENABLE_STRICT_OBJC_MSGSEND = YES;
				GCC_C_LANGUAGE_STANDARD = gnu99;
				GCC_NO_COMMON_BLOCKS = YES;
				GCC_WARN_64_TO_32_BIT_CONVERSION = YES;
				GCC_WARN_ABOUT_RETURN_TYPE = YES_ERROR;
				GCC_WARN_UNDECLARED_SELECTOR = YES;
				GCC_WARN_UNINITIALIZED_AUTOS = YES_AGGRESSIVE;
				GCC_WARN_UNUSED_FUNCTION = YES;
				GCC_WARN_UNUSED_VARIABLE = YES;
				IPHONEOS_DEPLOYMENT_TARGET = 10.3;
				MTL_ENABLE_DEBUG_INFO = NO;
				SDKROOT = iphoneos;
				VALIDATE_PRODUCT = YES;
			};
			name = Release;
		};
		D2D34C501FD69EB9009727BE /* Debug */ = {
			isa = XCBuildConfiguration;
			buildSettings = {
				ASSETCATALOG_COMPILER_APPICON_NAME = AppIcon;
				INFOPLIST_FILE = CoreAnimationDemo/Info.plist;
				LD_RUNPATH_SEARCH_PATHS = "$(inherited) @executable_path/Frameworks";
				PRODUCT_BUNDLE_IDENTIFIER = com.du.CoreAnimationDemo;
				PRODUCT_NAME = "$(TARGET_NAME)";
			};
			name = Debug;
		};
		D2D34C511FD69EB9009727BE /* Release */ = {
			isa = XCBuildConfiguration;
			buildSettings = {
				ASSETCATALOG_COMPILER_APPICON_NAME = AppIcon;
				INFOPLIST_FILE = CoreAnimationDemo/Info.plist;
				LD_RUNPATH_SEARCH_PATHS = "$(inherited) @executable_path/Frameworks";
				PRODUCT_BUNDLE_IDENTIFIER = com.du.CoreAnimationDemo;
				PRODUCT_NAME = "$(TARGET_NAME)";
			};
			name = Release;
		};
		D2D34C531FD69EB9009727BE /* Debug */ = {
			isa = XCBuildConfiguration;
			buildSettings = {
				BUNDLE_LOADER = "$(TEST_HOST)";
				INFOPLIST_FILE = CoreAnimationDemoTests/Info.plist;
				LD_RUNPATH_SEARCH_PATHS = "$(inherited) @executable_path/Frameworks @loader_path/Frameworks";
				PRODUCT_BUNDLE_IDENTIFIER = com.du.CoreAnimationDemoTests;
				PRODUCT_NAME = "$(TARGET_NAME)";
				TEST_HOST = "$(BUILT_PRODUCTS_DIR)/CoreAnimationDemo.app/CoreAnimationDemo";
			};
			name = Debug;
		};
		D2D34C541FD69EB9009727BE /* Release */ = {
			isa = XCBuildConfiguration;
			buildSettings = {
				BUNDLE_LOADER = "$(TEST_HOST)";
				INFOPLIST_FILE = CoreAnimationDemoTests/Info.plist;
				LD_RUNPATH_SEARCH_PATHS = "$(inherited) @executable_path/Frameworks @loader_path/Frameworks";
				PRODUCT_BUNDLE_IDENTIFIER = com.du.CoreAnimationDemoTests;
				PRODUCT_NAME = "$(TARGET_NAME)";
				TEST_HOST = "$(BUILT_PRODUCTS_DIR)/CoreAnimationDemo.app/CoreAnimationDemo";
			};
			name = Release;
		};
		D2D34C561FD69EB9009727BE /* Debug */ = {
			isa = XCBuildConfiguration;
			buildSettings = {
				INFOPLIST_FILE = CoreAnimationDemoUITests/Info.plist;
				LD_RUNPATH_SEARCH_PATHS = "$(inherited) @executable_path/Frameworks @loader_path/Frameworks";
				PRODUCT_BUNDLE_IDENTIFIER = com.du.CoreAnimationDemoUITests;
				PRODUCT_NAME = "$(TARGET_NAME)";
				TEST_TARGET_NAME = CoreAnimationDemo;
			};
			name = Debug;
		};
		D2D34C571FD69EB9009727BE /* Release */ = {
			isa = XCBuildConfiguration;
			buildSettings = {
				INFOPLIST_FILE = CoreAnimationDemoUITests/Info.plist;
				LD_RUNPATH_SEARCH_PATHS = "$(inherited) @executable_path/Frameworks @loader_path/Frameworks";
				PRODUCT_BUNDLE_IDENTIFIER = com.du.CoreAnimationDemoUITests;
				PRODUCT_NAME = "$(TARGET_NAME)";
				TEST_TARGET_NAME = CoreAnimationDemo;
			};
			name = Release;
		};
/* End XCBuildConfiguration section */

/* Begin XCConfigurationList section */
		D2D34C1D1FD69EB8009727BE /* Build configuration list for PBXProject "CoreAnimationDemo" */ = {
			isa = XCConfigurationList;
			buildConfigurations = (
				D2D34C4D1FD69EB9009727BE /* Debug */,
				D2D34C4E1FD69EB9009727BE /* Release */,
			);
			defaultConfigurationIsVisible = 0;
			defaultConfigurationName = Release;
		};
		D2D34C4F1FD69EB9009727BE /* Build configuration list for PBXNativeTarget "CoreAnimationDemo" */ = {
			isa = XCConfigurationList;
			buildConfigurations = (
				D2D34C501FD69EB9009727BE /* Debug */,
				D2D34C511FD69EB9009727BE /* Release */,
			);
			defaultConfigurationIsVisible = 0;
			defaultConfigurationName = Release;
		};
		D2D34C521FD69EB9009727BE /* Build configuration list for PBXNativeTarget "CoreAnimationDemoTests" */ = {
			isa = XCConfigurationList;
			buildConfigurations = (
				D2D34C531FD69EB9009727BE /* Debug */,
				D2D34C541FD69EB9009727BE /* Release */,
			);
			defaultConfigurationIsVisible = 0;
			defaultConfigurationName = Release;
		};
		D2D34C551FD69EB9009727BE /* Build configuration list for PBXNativeTarget "CoreAnimationDemoUITests" */ = {
			isa = XCConfigurationList;
			buildConfigurations = (
				D2D34C561FD69EB9009727BE /* Debug */,
				D2D34C571FD69EB9009727BE /* Release */,
			);
			defaultConfigurationIsVisible = 0;
			defaultConfigurationName = Release;
		};
/* End XCConfigurationList section */
	};
	rootObject = D2D34C1A1FD69EB8009727BE /* Project object */;
}
